<?xml version="1.0" encoding="utf-8"?>
<Project ToolsVersion="4.0" xmlns="http://schemas.microsoft.com/developer/msbuild/2003">
  <ItemGroup>
    <Filter Include="Source Files">
      <UniqueIdentifier>{4FC737F1-C7A5-4376-A066-2A32D752A2FF}</UniqueIdentifier>
      <Extensions>cpp;c;cc;cxx;c++;cppm;ixx;def;odl;idl;hpj;bat;asm;asmx</Extensions>
    </Filter>
    <Filter Include="Header Files">
      <UniqueIdentifier>{93995380-89BD-4b04-88EB-625FBE52EBFB}</UniqueIdentifier>
      <Extensions>h;hh;hpp;hxx;h++;hm;inl;inc;ipp;xsd</Extensions>
    </Filter>
    <Filter Include="Resource Files">
      <UniqueIdentifier>{67DA6AB6-F800-4c08-8B7A-83BB121AAD01}</UniqueIdentifier>
      <Extensions>rc;ico;cur;bmp;dlg;rc2;rct;bin;rgs;gif;jpg;jpeg;jpe;resx;tiff;tif;png;wav;mfcribbon-ms</Extensions>
    </Filter>
  </ItemGroup>
  <ItemGroup>
    <ClCompile Include="ConsoleApplication1.cpp">
      <Filter>Source Files</Filter>
    </ClCompile>
    <ClCompile Include="StringsSort.cpp">
      <Filter>Source Files</Filter>
    </ClCompile>
    <ClCompile Include="ChainOfResponsibility.cpp">
      <Filter>Source Files</Filter>
    </ClCompile>
    <ClCompile Include="stacks.c">
      <Filter>Source Files</Filter>
    </ClCompile>
    <ClCompile Include="OwnQueueUsingTwoStacks.cpp">
      <Filter>Source Files</Filter>
    </ClCompile>
    <ClCompile Include="2DArray.c">
      <Filter>Source Files</Filter>
    </ClCompile>
    <ClCompile Include="PrimeOrNot.cpp">
      <Filter>Source Files</Filter>
    </ClCompile>
    <ClCompile Include="StringConcatenate.cpp">
      <Filter>Source Files</Filter>
    </ClCompile>
    <ClCompile Include="TreeSort.C">
      <Filter>Source Files</Filter>
    </ClCompile>
    <ClCompile Include="MergeSort.c">
      <Filter>Source Files</Filter>
    </ClCompile>
    <ClCompile Include="RemoveDuplicateAdjChars.c">
      <Filter>Source Files</Filter>
    </ClCompile>
    <ClCompile Include="OddListEvenList.c">
      <Filter>Source Files</Filter>
    </ClCompile>
    <ClCompile Include="Palindrome.cpp">
      <Filter>Source Files</Filter>
    </ClCompile>
    <ClCompile Include="OwnSortingAlgo.cpp">
      <Filter>Source Files</Filter>
    </ClCompile>
    <ClCompile Include="FizzBuzz.cpp">
      <Filter>Source Files</Filter>
    </ClCompile>
    <ClCompile Include="FactorialSequenceGenerator.cpp">
      <Filter>Source Files</Filter>
    </ClCompile>
    <ClCompile Include="ordinalSuffix.c">
      <Filter>Source Files</Filter>
    </ClCompile>
    <ClCompile Include="CenterText.c">
      <Filter>Source Files</Filter>
    </ClCompile>
    <ClCompile Include="ChangeOfCoins.c">
      <Filter>Source Files</Filter>
    </ClCompile>
    <ClCompile Include="HailstoneSequence.c">
      <Filter>Source Files</Filter>
    </ClCompile>
    <ClCompile Include="BitonicSequence.cpp">
      <Filter>Source Files</Filter>
    </ClCompile>
    <ClCompile Include="ReverseLinkedListAtTheCountOf.c">
      <Filter>Source Files</Filter>
    </ClCompile>
    <ClCompile Include="MultithreadingOddAndEvenNumbersPrinting.cpp">
      <Filter>Source Files</Filter>
    </ClCompile>
    <ClCompile Include="PerfectShuffle.c">
      <Filter>Source Files</Filter>
    </ClCompile>
    <ClCompile Include="SeriesPrinting.cpp">
      <Filter>Source Files</Filter>
    </ClCompile>
    <ClCompile Include="C++Intricacies.cpp">
      <Filter>Source Files</Filter>
    </ClCompile>
    <ClCompile Include="HorsePlay.cpp">
      <Filter>Source Files</Filter>
    </ClCompile>
  </ItemGroup>
</Project>